
Microsoft Visual Studio Solution File, Format Version 12.00
# Visual Studio Version 17
VisualStudioVersion = 17.5.33516.290
MinimumVisualStudioVersion = 10.0.40219.1
Project("{9A19103F-16F7-4668-BE54-9A1E7A4F7556}") = "CadastroCliente", "CadastroCliente\CadastroCliente.csproj", "{F25976EF-9149-49E6-8C59-FD89E55060EF}"
EndProject
Global
	GlobalSection(SolutionConfigurationPlatforms) = preSolution
		Debug|Any CPU = Debug|Any CPU
		Release|Any CPU = Release|Any CPU
	EndGlobalSection
	GlobalSection(ProjectConfigurationPlatforms) = postSolution
		{F25976EF-9149-49E6-8C59-FD89E55060EF}.Debug|Any CPU.ActiveCfg = Debug|Any CPU
		{F25976EF-9149-49E6-8C59-FD89E55060EF}.Debug|Any CPU.Build.0 = Debug|Any CPU
		{F25976EF-9149-49E6-8C59-FD89E55060EF}.Release|Any CPU.ActiveCfg = Release|Any CPU
		{F25976EF-9149-49E6-8C59-FD89E55060EF}.Release|Any CPU.Build.0 = Release|Any CPU
	EndGlobalSection
	GlobalSection(SolutionProperties) = preSolution
		HideSolutionNode = FALSE
	EndGlobalSection
	GlobalSection(ExtensibilityGlobals) = postSolution
		SolutionGuid = {386CDA1B-CEED-4F53-A1B0-5CE5DC8AA3C3}
	EndGlobalSection
EndGlobal
